// !$*UTF8*$!
{
	archiveVersion = 1;
	classes = {
	};
	objectVersion = 55;
	objects = {

/* Begin PBXBuildFile section */
		9D09EFFB2845583F00E7E747 /* isItUpApp.swift in Sources */ = {isa = PBXBuildFile; fileRef = 9D09EFFA2845583F00E7E747 /* isItUpApp.swift */; };
		9D09EFFF28455F4700E7E747 /* Array_extension.swift in Sources */ = {isa = PBXBuildFile; fileRef = 9D09EFFE28455F4700E7E747 /* Array_extension.swift */; };
		9D09F00428463F9100E7E747 /* isItUpDataModel.xcdatamodeld in Sources */ = {isa = PBXBuildFile; fileRef = 9D09F00228463F9100E7E747 /* isItUpDataModel.xcdatamodeld */; };
		9D0DA6302843E25C00796B2A /* ContentView.swift in Sources */ = {isa = PBXBuildFile; fileRef = 9D0DA62F2843E25C00796B2A /* ContentView.swift */; };
		9D0DA6322843E25C00796B2A /* Assets.xcassets in Resources */ = {isa = PBXBuildFile; fileRef = 9D0DA6312843E25C00796B2A /* Assets.xcassets */; };
		9D0DA6352843E25C00796B2A /* Preview Assets.xcassets in Resources */ = {isa = PBXBuildFile; fileRef = 9D0DA6342843E25C00796B2A /* Preview Assets.xcassets */; };
		9D0DA6442843FBFE00796B2A /* BottomRowView.swift in Sources */ = {isa = PBXBuildFile; fileRef = 9D0DA6432843FBFE00796B2A /* BottomRowView.swift */; };
		9D0DA6462843FC7F00796B2A /* MainContentView.swift in Sources */ = {isa = PBXBuildFile; fileRef = 9D0DA6452843FC7F00796B2A /* MainContentView.swift */; };
		9D0DA648284511D000796B2A /* HeaderView.swift in Sources */ = {isa = PBXBuildFile; fileRef = 9D0DA647284511D000796B2A /* HeaderView.swift */; };
		9D0DA64A284516AC00796B2A /* EntriesView.swift in Sources */ = {isa = PBXBuildFile; fileRef = 9D0DA649284516AC00796B2A /* EntriesView.swift */; };
		9D242C1F29C4F9FC00BDBCFD /* Persistence.swift in Sources */ = {isa = PBXBuildFile; fileRef = 9D242C1E29C4F9FC00BDBCFD /* Persistence.swift */; };
		9D3C970228622A15000A25F7 /* HeaderData.swift in Sources */ = {isa = PBXBuildFile; fileRef = 9D3C970128622A15000A25F7 /* HeaderData.swift */; };
		9D7ED4512866040E003F5C14 /* CheckTimer.swift in Sources */ = {isa = PBXBuildFile; fileRef = 9D7ED4502866040E003F5C14 /* CheckTimer.swift */; };
		9D7ED45328661CBA003F5C14 /* UrlCheck.swift in Sources */ = {isa = PBXBuildFile; fileRef = 9D7ED45228661CBA003F5C14 /* UrlCheck.swift */; };
		9D7ED45528665F32003F5C14 /* EndpointStatusTracker.swift in Sources */ = {isa = PBXBuildFile; fileRef = 9D7ED45428665F32003F5C14 /* EndpointStatusTracker.swift */; };
		9D7ED45728676C0A003F5C14 /* DateExtension.swift in Sources */ = {isa = PBXBuildFile; fileRef = 9D7ED45628676C0A003F5C14 /* DateExtension.swift */; };
/* End PBXBuildFile section */

/* Begin PBXFileReference section */
		9D09EFFA2845583F00E7E747 /* isItUpApp.swift */ = {isa = PBXFileReference; fileEncoding = 4; lastKnownFileType = sourcecode.swift; path = isItUpApp.swift; sourceTree = "<group>"; };
		9D09EFFE28455F4700E7E747 /* Array_extension.swift */ = {isa = PBXFileReference; lastKnownFileType = sourcecode.swift; path = Array_extension.swift; sourceTree = "<group>"; };
		9D09F00328463F9100E7E747 /* isItUpDataModel.xcdatamodel */ = {isa = PBXFileReference; lastKnownFileType = wrapper.xcdatamodel; path = isItUpDataModel.xcdatamodel; sourceTree = "<group>"; };
		9D0DA62A2843E25C00796B2A /* isItUp.app */ = {isa = PBXFileReference; explicitFileType = wrapper.application; includeInIndex = 0; path = isItUp.app; sourceTree = BUILT_PRODUCTS_DIR; };
		9D0DA62F2843E25C00796B2A /* ContentView.swift */ = {isa = PBXFileReference; lastKnownFileType = sourcecode.swift; path = ContentView.swift; sourceTree = "<group>"; };
		9D0DA6312843E25C00796B2A /* Assets.xcassets */ = {isa = PBXFileReference; lastKnownFileType = folder.assetcatalog; path = Assets.xcassets; sourceTree = "<group>"; };
		9D0DA6342843E25C00796B2A /* Preview Assets.xcassets */ = {isa = PBXFileReference; lastKnownFileType = folder.assetcatalog; path = "Preview Assets.xcassets"; sourceTree = "<group>"; };
		9D0DA6362843E25C00796B2A /* isItUp.entitlements */ = {isa = PBXFileReference; lastKnownFileType = text.plist.entitlements; path = isItUp.entitlements; sourceTree = "<group>"; };
		9D0DA63E2843E66F00796B2A /* Info.plist */ = {isa = PBXFileReference; lastKnownFileType = text.plist; path = Info.plist; sourceTree = "<group>"; };
		9D0DA6432843FBFE00796B2A /* BottomRowView.swift */ = {isa = PBXFileReference; lastKnownFileType = sourcecode.swift; path = BottomRowView.swift; sourceTree = "<group>"; };
		9D0DA6452843FC7F00796B2A /* MainContentView.swift */ = {isa = PBXFileReference; lastKnownFileType = sourcecode.swift; path = MainContentView.swift; sourceTree = "<group>"; };
		9D0DA647284511D000796B2A /* HeaderView.swift */ = {isa = PBXFileReference; lastKnownFileType = sourcecode.swift; path = HeaderView.swift; sourceTree = "<group>"; };
		9D0DA649284516AC00796B2A /* EntriesView.swift */ = {isa = PBXFileReference; lastKnownFileType = sourcecode.swift; path = EntriesView.swift; sourceTree = "<group>"; };
		9D242C1E29C4F9FC00BDBCFD /* Persistence.swift */ = {isa = PBXFileReference; lastKnownFileType = sourcecode.swift; path = Persistence.swift; sourceTree = "<group>"; };
		9D3C970128622A15000A25F7 /* HeaderData.swift */ = {isa = PBXFileReference; lastKnownFileType = sourcecode.swift; path = HeaderData.swift; sourceTree = "<group>"; };
		9D7ED4502866040E003F5C14 /* CheckTimer.swift */ = {isa = PBXFileReference; lastKnownFileType = sourcecode.swift; path = CheckTimer.swift; sourceTree = "<group>"; };
		9D7ED45228661CBA003F5C14 /* UrlCheck.swift */ = {isa = PBXFileReference; lastKnownFileType = sourcecode.swift; path = UrlCheck.swift; sourceTree = "<group>"; };
		9D7ED45428665F32003F5C14 /* EndpointStatusTracker.swift */ = {isa = PBXFileReference; lastKnownFileType = sourcecode.swift; path = EndpointStatusTracker.swift; sourceTree = "<group>"; };
		9D7ED45628676C0A003F5C14 /* DateExtension.swift */ = {isa = PBXFileReference; lastKnownFileType = sourcecode.swift; path = DateExtension.swift; sourceTree = "<group>"; };
/* End PBXFileReference section */

/* Begin PBXFrameworksBuildPhase section */
		9D0DA6272843E25C00796B2A /* Frameworks */ = {
			isa = PBXFrameworksBuildPhase;
			buildActionMask = 2147483647;
			files = (
			);
			runOnlyForDeploymentPostprocessing = 0;
		};
/* End PBXFrameworksBuildPhase section */

/* Begin PBXGroup section */
		9D09EFFC28455CDB00E7E747 /* Views */ = {
			isa = PBXGroup;
			children = (
				9D0DA6452843FC7F00796B2A /* MainContentView.swift */,
				9D0DA649284516AC00796B2A /* EntriesView.swift */,
				9D0DA647284511D000796B2A /* HeaderView.swift */,
				9D0DA6432843FBFE00796B2A /* BottomRowView.swift */,
				9D0DA62F2843E25C00796B2A /* ContentView.swift */,
			);
			path = Views;
			sourceTree = "<group>";
		};
		9D09EFFD28455F3300E7E747 /* Extensions */ = {
			isa = PBXGroup;
			children = (
				9D09EFFE28455F4700E7E747 /* Array_extension.swift */,
				9D7ED45628676C0A003F5C14 /* DateExtension.swift */,
			);
			path = Extensions;
			sourceTree = "<group>";
		};
		9D0DA6212843E25C00796B2A = {
			isa = PBXGroup;
			children = (
				9D0DA62C2843E25C00796B2A /* isItUp */,
				9D0DA62B2843E25C00796B2A /* Products */,
			);
			sourceTree = "<group>";
		};
		9D0DA62B2843E25C00796B2A /* Products */ = {
			isa = PBXGroup;
			children = (
				9D0DA62A2843E25C00796B2A /* isItUp.app */,
			);
			name = Products;
			sourceTree = "<group>";
		};
		9D0DA62C2843E25C00796B2A /* isItUp */ = {
			isa = PBXGroup;
			children = (
				9D7ED44F28660401003F5C14 /* logic */,
				9D3C970028622A01000A25F7 /* Data */,
				9D09EFFD28455F3300E7E747 /* Extensions */,
				9D09EFFC28455CDB00E7E747 /* Views */,
				9D0DA63E2843E66F00796B2A /* Info.plist */,
				9D242C1E29C4F9FC00BDBCFD /* Persistence.swift */,
				9D09EFFA2845583F00E7E747 /* isItUpApp.swift */,
				9D0DA6312843E25C00796B2A /* Assets.xcassets */,
				9D0DA6362843E25C00796B2A /* isItUp.entitlements */,
				9D0DA6332843E25C00796B2A /* Preview Content */,
				9D09F00228463F9100E7E747 /* isItUpDataModel.xcdatamodeld */,
			);
			path = isItUp;
			sourceTree = "<group>";
		};
		9D0DA6332843E25C00796B2A /* Preview Content */ = {
			isa = PBXGroup;
			children = (
				9D0DA6342843E25C00796B2A /* Preview Assets.xcassets */,
			);
			path = "Preview Content";
			sourceTree = "<group>";
		};
		9D3C970028622A01000A25F7 /* Data */ = {
			isa = PBXGroup;
			children = (
				9D3C970128622A15000A25F7 /* HeaderData.swift */,
			);
			path = Data;
			sourceTree = "<group>";
		};
		9D7ED44F28660401003F5C14 /* logic */ = {
			isa = PBXGroup;
			children = (
				9D7ED4502866040E003F5C14 /* CheckTimer.swift */,
				9D7ED45228661CBA003F5C14 /* UrlCheck.swift */,
				9D7ED45428665F32003F5C14 /* EndpointStatusTracker.swift */,
			);
			path = logic;
			sourceTree = "<group>";
		};
/* End PBXGroup section */

/* Begin PBXNativeTarget section */
		9D0DA6292843E25C00796B2A /* isItUp */ = {
			isa = PBXNativeTarget;
			buildConfigurationList = 9D0DA6392843E25C00796B2A /* Build configuration list for PBXNativeTarget "isItUp" */;
			buildPhases = (
				9D0DA6262843E25C00796B2A /* Sources */,
				9D0DA6272843E25C00796B2A /* Frameworks */,
				9D0DA6282843E25C00796B2A /* Resources */,
			);
			buildRules = (
			);
			dependencies = (
			);
			name = isItUp;
			productName = isItUp;
			productReference = 9D0DA62A2843E25C00796B2A /* isItUp.app */;
			productType = "com.apple.product-type.application";
		};
/* End PBXNativeTarget section */

/* Begin PBXProject section */
		9D0DA6222843E25C00796B2A /* Project object */ = {
			isa = PBXProject;
			attributes = {
				BuildIndependentTargetsInParallel = 1;
				LastSwiftUpdateCheck = 1340;
				LastUpgradeCheck = 1340;
				TargetAttributes = {
					9D0DA6292843E25C00796B2A = {
						CreatedOnToolsVersion = 13.4;
					};
				};
			};
			buildConfigurationList = 9D0DA6252843E25C00796B2A /* Build configuration list for PBXProject "isItUp" */;
			compatibilityVersion = "Xcode 13.0";
			developmentRegion = en;
			hasScannedForEncodings = 0;
			knownRegions = (
				en,
				Base,
			);
			mainGroup = 9D0DA6212843E25C00796B2A;
			productRefGroup = 9D0DA62B2843E25C00796B2A /* Products */;
			projectDirPath = "";
			projectRoot = "";
			targets = (
				9D0DA6292843E25C00796B2A /* isItUp */,
			);
		};
/* End PBXProject section */

/* Begin PBXResourcesBuildPhase section */
		9D0DA6282843E25C00796B2A /* Resources */ = {
			isa = PBXResourcesBuildPhase;
			buildActionMask = 2147483647;
			files = (
				9D0DA6352843E25C00796B2A /* Preview Assets.xcassets in Resources */,
				9D0DA6322843E25C00796B2A /* Assets.xcassets in Resources */,
			);
			runOnlyForDeploymentPostprocessing = 0;
		};
/* End PBXResourcesBuildPhase section */

/* Begin PBXSourcesBuildPhase section */
		9D0DA6262843E25C00796B2A /* Sources */ = {
			isa = PBXSourcesBuildPhase;
			buildActionMask = 2147483647;
			files = (
				9D7ED45728676C0A003F5C14 /* DateExtension.swift in Sources */,
				9D09EFFB2845583F00E7E747 /* isItUpApp.swift in Sources */,
				9D7ED45328661CBA003F5C14 /* UrlCheck.swift in Sources */,
				9D0DA64A284516AC00796B2A /* EntriesView.swift in Sources */,
				9D09F00428463F9100E7E747 /* isItUpDataModel.xcdatamodeld in Sources */,
				9D09EFFF28455F4700E7E747 /* Array_extension.swift in Sources */,
				9D0DA6302843E25C00796B2A /* ContentView.swift in Sources */,
				9D0DA6442843FBFE00796B2A /* BottomRowView.swift in Sources */,
				9D242C1F29C4F9FC00BDBCFD /* Persistence.swift in Sources */,
				9D0DA6462843FC7F00796B2A /* MainContentView.swift in Sources */,
				9D3C970228622A15000A25F7 /* HeaderData.swift in Sources */,
				9D7ED45528665F32003F5C14 /* EndpointStatusTracker.swift in Sources */,
				9D7ED4512866040E003F5C14 /* CheckTimer.swift in Sources */,
				9D0DA648284511D000796B2A /* HeaderView.swift in Sources */,
			);
			runOnlyForDeploymentPostprocessing = 0;
		};
/* End PBXSourcesBuildPhase section */

/* Begin XCBuildConfiguration section */
		9D0DA6372843E25C00796B2A /* Debug */ = {
			isa = XCBuildConfiguration;
			buildSettings = {
				ALWAYS_SEARCH_USER_PATHS = NO;
				CLANG_ANALYZER_NONNULL = YES;
				CLANG_ANALYZER_NUMBER_OBJECT_CONVERSION = YES_AGGRESSIVE;
				CLANG_CXX_LANGUAGE_STANDARD = "gnu++17";
				CLANG_ENABLE_MODULES = YES;
				CLANG_ENABLE_OBJC_ARC = YES;
				CLANG_ENABLE_OBJC_WEAK = YES;
				CLANG_WARN_BLOCK_CAPTURE_AUTORELEASING = YES;
				CLANG_WARN_BOOL_CONVERSION = YES;
				CLANG_WARN_COMMA = YES;
				CLANG_WARN_CONSTANT_CONVERSION = YES;
				CLANG_WARN_DEPRECATED_OBJC_IMPLEMENTATIONS = YES;
				CLANG_WARN_DIRECT_OBJC_ISA_USAGE = YES_ERROR;
				CLANG_WARN_DOCUMENTATION_COMMENTS = YES;
				CLANG_WARN_EMPTY_BODY = YES;
				CLANG_WARN_ENUM_CONVERSION = YES;
				CLANG_WARN_INFINITE_RECURSION = YES;
				CLANG_WARN_INT_CONVERSION = YES;
				CLANG_WARN_NON_LITERAL_NULL_CONVERSION = YES;
				CLANG_WARN_OBJC_IMPLICIT_RETAIN_SELF = YES;
				CLANG_WARN_OBJC_LITERAL_CONVERSION = YES;
				CLANG_WARN_OBJC_ROOT_CLASS = YES_ERROR;
				CLANG_WARN_QUOTED_INCLUDE_IN_FRAMEWORK_HEADER = YES;
				CLANG_WARN_RANGE_LOOP_ANALYSIS = YES;
				CLANG_WARN_STRICT_PROTOTYPES = YES;
				CLANG_WARN_SUSPICIOUS_MOVE = YES;
				CLANG_WARN_UNGUARDED_AVAILABILITY = YES_AGGRESSIVE;
				CLANG_WARN_UNREACHABLE_CODE = YES;
				CLANG_WARN__DUPLICATE_METHOD_MATCH = YES;
				COPY_PHASE_STRIP = NO;
				DEBUG_INFORMATION_FORMAT = dwarf;
				ENABLE_STRICT_OBJC_MSGSEND = YES;
				ENABLE_TESTABILITY = YES;
				GCC_C_LANGUAGE_STANDARD = gnu11;
				GCC_DYNAMIC_NO_PIC = NO;
				GCC_NO_COMMON_BLOCKS = YES;
				GCC_OPTIMIZATION_LEVEL = 0;
				GCC_PREPROCESSOR_DEFINITIONS = (
					"DEBUG=1",
					"$(inherited)",
				);
				GCC_WARN_64_TO_32_BIT_CONVERSION = YES;
				GCC_WARN_ABOUT_RETURN_TYPE = YES_ERROR;
				GCC_WARN_UNDECLARED_SELECTOR = YES;
				GCC_WARN_UNINITIALIZED_AUTOS = YES_AGGRESSIVE;
				GCC_WARN_UNUSED_FUNCTION = YES;
				GCC_WARN_UNUSED_VARIABLE = YES;
				MACOSX_DEPLOYMENT_TARGET = 12.3;
				MTL_ENABLE_DEBUG_INFO = INCLUDE_SOURCE;
				MTL_FAST_MATH = YES;
				ONLY_ACTIVE_ARCH = YES;
				SDKROOT = macosx;
				SWIFT_ACTIVE_COMPILATION_CONDITIONS = DEBUG;
				SWIFT_OPTIMIZATION_LEVEL = "-Onone";
			};
			name = Debug;
		};
		9D0DA6382843E25C00796B2A /* Release */ = {
			isa = XCBuildConfiguration;
			buildSettings = {
				ALWAYS_SEARCH_USER_PATHS = NO;
				CLANG_ANALYZER_NONNULL = YES;
				CLANG_ANALYZER_NUMBER_OBJECT_CONVERSION = YES_AGGRESSIVE;
				CLANG_CXX_LANGUAGE_STANDARD = "gnu++17";
				CLANG_ENABLE_MODULES = YES;
				CLANG_ENABLE_OBJC_ARC = YES;
				CLANG_ENABLE_OBJC_WEAK = YES;
				CLANG_WARN_BLOCK_CAPTURE_AUTORELEASING = YES;
				CLANG_WARN_BOOL_CONVERSION = YES;
				CLANG_WARN_COMMA = YES;
				CLANG_WARN_CONSTANT_CONVERSION = YES;
				CLANG_WARN_DEPRECATED_OBJC_IMPLEMENTATIONS = YES;
				CLANG_WARN_DIRECT_OBJC_ISA_USAGE = YES_ERROR;
				CLANG_WARN_DOCUMENTATION_COMMENTS = YES;
				CLANG_WARN_EMPTY_BODY = YES;
				CLANG_WARN_ENUM_CONVERSION = YES;
				CLANG_WARN_INFINITE_RECURSION = YES;
				CLANG_WARN_INT_CONVERSION = YES;
				CLANG_WARN_NON_LITERAL_NULL_CONVERSION = YES;
				CLANG_WARN_OBJC_IMPLICIT_RETAIN_SELF = YES;
				CLANG_WARN_OBJC_LITERAL_CONVERSION = YES;
				CLANG_WARN_OBJC_ROOT_CLASS = YES_ERROR;
				CLANG_WARN_QUOTED_INCLUDE_IN_FRAMEWORK_HEADER = YES;
				CLANG_WARN_RANGE_LOOP_ANALYSIS = YES;
				CLANG_WARN_STRICT_PROTOTYPES = YES;
				CLANG_WARN_SUSPICIOUS_MOVE = YES;
				CLANG_WARN_UNGUARDED_AVAILABILITY = YES_AGGRESSIVE;
				CLANG_WARN_UNREACHABLE_CODE = YES;
				CLANG_WARN__DUPLICATE_METHOD_MATCH = YES;
				COPY_PHASE_STRIP = NO;
				DEBUG_INFORMATION_FORMAT = "dwarf-with-dsym";
				ENABLE_NS_ASSERTIONS = NO;
				ENABLE_STRICT_OBJC_MSGSEND = YES;
				GCC_C_LANGUAGE_STANDARD = gnu11;
				GCC_NO_COMMON_BLOCKS = YES;
				GCC_WARN_64_TO_32_BIT_CONVERSION = YES;
				GCC_WARN_ABOUT_RETURN_TYPE = YES_ERROR;
				GCC_WARN_UNDECLARED_SELECTOR = YES;
				GCC_WARN_UNINITIALIZED_AUTOS = YES_AGGRESSIVE;
				GCC_WARN_UNUSED_FUNCTION = YES;
				GCC_WARN_UNUSED_VARIABLE = YES;
				MACOSX_DEPLOYMENT_TARGET = 12.3;
				MTL_ENABLE_DEBUG_INFO = NO;
				MTL_FAST_MATH = YES;
				SDKROOT = macosx;
				SWIFT_COMPILATION_MODE = wholemodule;
				SWIFT_OPTIMIZATION_LEVEL = "-O";
			};
			name = Release;
		};
		9D0DA63A2843E25C00796B2A /* Debug */ = {
			isa = XCBuildConfiguration;
			buildSettings = {
				ASSETCATALOG_COMPILER_APPICON_NAME = AppIcon;
				ASSETCATALOG_COMPILER_GLOBAL_ACCENT_COLOR_NAME = AccentColor;
				CODE_SIGN_ENTITLEMENTS = isItUp/isItUp.entitlements;
				CODE_SIGN_STYLE = Automatic;
				COMBINE_HIDPI_IMAGES = YES;
				CURRENT_PROJECT_VERSION = 1;
				DEVELOPMENT_ASSET_PATHS = "\"isItUp/Preview Content\"";
				DEVELOPMENT_TEAM = WG7S4NXZ8F;
				ENABLE_HARDENED_RUNTIME = YES;
				ENABLE_PREVIEWS = YES;
				GENERATE_INFOPLIST_FILE = YES;
				INFOPLIST_FILE = isItUp/Info.plist;
				INFOPLIST_KEY_NSHumanReadableCopyright = "";
				LD_RUNPATH_SEARCH_PATHS = (
					"$(inherited)",
					"@executable_path/../Frameworks",
				);
				MACOSX_DEPLOYMENT_TARGET = 13.1;
				MARKETING_VERSION = 1.0;
				PRODUCT_BUNDLE_IDENTIFIER = com.pvw.isItUp;
				PRODUCT_NAME = "$(TARGET_NAME)";
				SWIFT_EMIT_LOC_STRINGS = YES;
				SWIFT_VERSION = 5.0;
			};
			name = Debug;
		};
		9D0DA63B2843E25C00796B2A /* Release */ = {
			isa = XCBuildConfiguration;
			buildSettings = {
				ASSETCATALOG_COMPILER_APPICON_NAME = AppIcon;
				ASSETCATALOG_COMPILER_GLOBAL_ACCENT_COLOR_NAME = AccentColor;
				CODE_SIGN_ENTITLEMENTS = isItUp/isItUp.entitlements;
				CODE_SIGN_STYLE = Automatic;
				COMBINE_HIDPI_IMAGES = YES;
				CURRENT_PROJECT_VERSION = 1;
				DEVELOPMENT_ASSET_PATHS = "\"isItUp/Preview Content\"";
				DEVELOPMENT_TEAM = WG7S4NXZ8F;
				ENABLE_HARDENED_RUNTIME = YES;
				ENABLE_PREVIEWS = YES;
				GENERATE_INFOPLIST_FILE = YES;
				INFOPLIST_FILE = isItUp/Info.plist;
				INFOPLIST_KEY_NSHumanReadableCopyright = "";
				LD_RUNPATH_SEARCH_PATHS = (
					"$(inherited)",
					"@executable_path/../Frameworks",
				);
				MACOSX_DEPLOYMENT_TARGET = 13.1;
				MARKETING_VERSION = 1.0;
				ONLY_ACTIVE_ARCH = YES;
				PRODUCT_BUNDLE_IDENTIFIER = com.pvw.isItUp;
				PRODUCT_NAME = "$(TARGET_NAME)";
				SWIFT_EMIT_LOC_STRINGS = YES;
				SWIFT_VERSION = 5.0;
			};
			name = Release;
		};
/* End XCBuildConfiguration section */

/* Begin XCConfigurationList section */
		9D0DA6252843E25C00796B2A /* Build configuration list for PBXProject "isItUp" */ = {
			isa = XCConfigurationList;
			buildConfigurations = (
				9D0DA6372843E25C00796B2A /* Debug */,
				9D0DA6382843E25C00796B2A /* Release */,
			);
			defaultConfigurationIsVisible = 0;
			defaultConfigurationName = Release;
		};
		9D0DA6392843E25C00796B2A /* Build configuration list for PBXNativeTarget "isItUp" */ = {
			isa = XCConfigurationList;
			buildConfigurations = (
				9D0DA63A2843E25C00796B2A /* Debug */,
				9D0DA63B2843E25C00796B2A /* Release */,
			);
			defaultConfigurationIsVisible = 0;
			defaultConfigurationName = Release;
		};
/* End XCConfigurationList section */

/* Begin XCVersionGroup section */
		9D09F00228463F9100E7E747 /* isItUpDataModel.xcdatamodeld */ = {
			isa = XCVersionGroup;
			children = (
				9D09F00328463F9100E7E747 /* isItUpDataModel.xcdatamodel */,
			);
			currentVersion = 9D09F00328463F9100E7E747 /* isItUpDataModel.xcdatamodel */;
			path = isItUpDataModel.xcdatamodeld;
			sourceTree = "<group>";
			versionGroupType = wrapper.xcdatamodel;
		};
/* End XCVersionGroup section */
	};
	rootObject = 9D0DA6222843E25C00796B2A /* Project object */;
}
